
Microsoft Visual Studio Solution File, Format Version 12.00
# Visual Studio Version 17
VisualStudioVersion = 17.10.35122.118
MinimumVisualStudioVersion = 10.0.40219.1
Project("{FAE04EC0-301F-11D3-BF4B-00C04F79EFBC}") = "K008", "K008\K008.csproj", "{FE931C3B-192A-4298-B26C-AC860ED9C5F8}"
EndProject
Project("{FAE04EC0-301F-11D3-BF4B-00C04F79EFBC}") = "HelloWorld", "HelloWorld\HelloWorld.csproj", "{876BCA09-16A4-40A8-83CA-9D6990FA407B}"
EndProject
Project("{FAE04EC0-301F-11D3-BF4B-00C04F79EFBC}") = "GiaoViec", "GiaoViec\GiaoViec.csproj", "{A16DFE1E-638E-4DDE-B56F-5B5C33EC5385}"
EndProject
Project("{FAE04EC0-301F-11D3-BF4B-00C04F79EFBC}") = "iTask", "iTask\iTask.csproj", "{C4C96583-D2CE-4129-852E-70E4543740B0}"
EndProject
Project("{FAE04EC0-301F-11D3-BF4B-00C04F79EFBC}") = "K008Libs", "K008Libs\K008Libs.csproj", "{3CC79C2A-179B-45E7-9F02-0C6DA82CDD3C}"
EndProject
Project("{FAE04EC0-301F-11D3-BF4B-00C04F79EFBC}") = "ExcelAddIn", "ExcelAddIn\ExcelAddIn.csproj", "{F7637F7C-0D73-465F-98AD-30FE809E9A34}"
EndProject
Project("{FAE04EC0-301F-11D3-BF4B-00C04F79EFBC}") = "ExcelWorkbook", "ExcelWorkbook\ExcelWorkbook.csproj", "{F49C9629-A8AB-480B-B628-80EA6AD26364}"
EndProject
Project("{FAE04EC0-301F-11D3-BF4B-00C04F79EFBC}") = "CADNet", "CADNet\CADNet.csproj", "{836EBD58-F48C-4BB7-BE19-7305922D9A20}"
EndProject
Project("{FAE04EC0-301F-11D3-BF4B-00C04F79EFBC}") = "EtabsAddIns", "EtabsAddIns\EtabsAddIns.csproj", "{8BF3C82D-7DC5-490E-86C5-9472CC5407EC}"
EndProject
Global
	GlobalSection(SolutionConfigurationPlatforms) = preSolution
		Debug|Any CPU = Debug|Any CPU
		Release|Any CPU = Release|Any CPU
	EndGlobalSection
	GlobalSection(ProjectConfigurationPlatforms) = postSolution
		{FE931C3B-192A-4298-B26C-AC860ED9C5F8}.Debug|Any CPU.ActiveCfg = Debug|Any CPU
		{FE931C3B-192A-4298-B26C-AC860ED9C5F8}.Debug|Any CPU.Build.0 = Debug|Any CPU
		{FE931C3B-192A-4298-B26C-AC860ED9C5F8}.Release|Any CPU.ActiveCfg = Release|Any CPU
		{FE931C3B-192A-4298-B26C-AC860ED9C5F8}.Release|Any CPU.Build.0 = Release|Any CPU
		{876BCA09-16A4-40A8-83CA-9D6990FA407B}.Debug|Any CPU.ActiveCfg = Debug|Any CPU
		{876BCA09-16A4-40A8-83CA-9D6990FA407B}.Debug|Any CPU.Build.0 = Debug|Any CPU
		{876BCA09-16A4-40A8-83CA-9D6990FA407B}.Release|Any CPU.ActiveCfg = Release|Any CPU
		{876BCA09-16A4-40A8-83CA-9D6990FA407B}.Release|Any CPU.Build.0 = Release|Any CPU
		{A16DFE1E-638E-4DDE-B56F-5B5C33EC5385}.Debug|Any CPU.ActiveCfg = Debug|Any CPU
		{A16DFE1E-638E-4DDE-B56F-5B5C33EC5385}.Debug|Any CPU.Build.0 = Debug|Any CPU
		{A16DFE1E-638E-4DDE-B56F-5B5C33EC5385}.Release|Any CPU.ActiveCfg = Release|Any CPU
		{A16DFE1E-638E-4DDE-B56F-5B5C33EC5385}.Release|Any CPU.Build.0 = Release|Any CPU
		{C4C96583-D2CE-4129-852E-70E4543740B0}.Debug|Any CPU.ActiveCfg = Debug|Any CPU
		{C4C96583-D2CE-4129-852E-70E4543740B0}.Debug|Any CPU.Build.0 = Debug|Any CPU
		{C4C96583-D2CE-4129-852E-70E4543740B0}.Release|Any CPU.ActiveCfg = Release|Any CPU
		{C4C96583-D2CE-4129-852E-70E4543740B0}.Release|Any CPU.Build.0 = Release|Any CPU
		{3CC79C2A-179B-45E7-9F02-0C6DA82CDD3C}.Debug|Any CPU.ActiveCfg = Debug|Any CPU
		{3CC79C2A-179B-45E7-9F02-0C6DA82CDD3C}.Debug|Any CPU.Build.0 = Debug|Any CPU
		{3CC79C2A-179B-45E7-9F02-0C6DA82CDD3C}.Release|Any CPU.ActiveCfg = Release|Any CPU
		{3CC79C2A-179B-45E7-9F02-0C6DA82CDD3C}.Release|Any CPU.Build.0 = Release|Any CPU
		{F7637F7C-0D73-465F-98AD-30FE809E9A34}.Debug|Any CPU.ActiveCfg = Debug|Any CPU
		{F7637F7C-0D73-465F-98AD-30FE809E9A34}.Debug|Any CPU.Build.0 = Debug|Any CPU
		{F7637F7C-0D73-465F-98AD-30FE809E9A34}.Release|Any CPU.ActiveCfg = Release|Any CPU
		{F7637F7C-0D73-465F-98AD-30FE809E9A34}.Release|Any CPU.Build.0 = Release|Any CPU
		{F49C9629-A8AB-480B-B628-80EA6AD26364}.Debug|Any CPU.ActiveCfg = Debug|Any CPU
		{F49C9629-A8AB-480B-B628-80EA6AD26364}.Debug|Any CPU.Build.0 = Debug|Any CPU
		{F49C9629-A8AB-480B-B628-80EA6AD26364}.Release|Any CPU.ActiveCfg = Release|Any CPU
		{F49C9629-A8AB-480B-B628-80EA6AD26364}.Release|Any CPU.Build.0 = Release|Any CPU
		{836EBD58-F48C-4BB7-BE19-7305922D9A20}.Debug|Any CPU.ActiveCfg = Debug|Any CPU
		{836EBD58-F48C-4BB7-BE19-7305922D9A20}.Debug|Any CPU.Build.0 = Debug|Any CPU
		{836EBD58-F48C-4BB7-BE19-7305922D9A20}.Release|Any CPU.ActiveCfg = Release|Any CPU
		{836EBD58-F48C-4BB7-BE19-7305922D9A20}.Release|Any CPU.Build.0 = Release|Any CPU
		{8BF3C82D-7DC5-490E-86C5-9472CC5407EC}.Debug|Any CPU.ActiveCfg = Debug|Any CPU
		{8BF3C82D-7DC5-490E-86C5-9472CC5407EC}.Debug|Any CPU.Build.0 = Debug|Any CPU
		{8BF3C82D-7DC5-490E-86C5-9472CC5407EC}.Release|Any CPU.ActiveCfg = Release|Any CPU
		{8BF3C82D-7DC5-490E-86C5-9472CC5407EC}.Release|Any CPU.Build.0 = Release|Any CPU
	EndGlobalSection
	GlobalSection(SolutionProperties) = preSolution
		HideSolutionNode = FALSE
	EndGlobalSection
	GlobalSection(ExtensibilityGlobals) = postSolution
		SolutionGuid = {D2DA4DE9-B3CB-4104-A5AD-47907F5B650A}
	EndGlobalSection
EndGlobal
